// !$*UTF8*$!
{
	archiveVersion = 1;
	classes = {
	};
	objectVersion = 46;
	objects = {

/* Begin PBXBuildFile section */
		F1CEDD591AB936F300BDBE42 /* AppDelegate.swift in Sources */ = {isa = PBXBuildFile; fileRef = F1CEDD581AB936F300BDBE42 /* AppDelegate.swift */; };
		F1CEDD5E1AB936F300BDBE42 /* Main.storyboard in Resources */ = {isa = PBXBuildFile; fileRef = F1CEDD5C1AB936F300BDBE42 /* Main.storyboard */; };
		F1CEDD601AB936F300BDBE42 /* Images.xcassets in Resources */ = {isa = PBXBuildFile; fileRef = F1CEDD5F1AB936F300BDBE42 /* Images.xcassets */; };
		F1CEDD631AB936F300BDBE42 /* LaunchScreen.xib in Resources */ = {isa = PBXBuildFile; fileRef = F1CEDD611AB936F300BDBE42 /* LaunchScreen.xib */; };
		F1CEDD6F1AB936F300BDBE42 /* PitchPerfectTests.swift in Sources */ = {isa = PBXBuildFile; fileRef = F1CEDD6E1AB936F300BDBE42 /* PitchPerfectTests.swift */; };
		F1CEDD7C1AB93BB200BDBE42 /* PlaySoundsViewController.swift in Sources */ = {isa = PBXBuildFile; fileRef = F1CEDD781AB93BB200BDBE42 /* PlaySoundsViewController.swift */; };
		F1CEDD7E1AB93BB200BDBE42 /* RecordedAudio.swift in Sources */ = {isa = PBXBuildFile; fileRef = F1CEDD7A1AB93BB200BDBE42 /* RecordedAudio.swift */; };
		F1CEDD7F1AB93BB200BDBE42 /* RecordSoundsViewController.swift in Sources */ = {isa = PBXBuildFile; fileRef = F1CEDD7B1AB93BB200BDBE42 /* RecordSoundsViewController.swift */; };
/* End PBXBuildFile section */

/* Begin PBXContainerItemProxy section */
		F1CEDD691AB936F300BDBE42 /* PBXContainerItemProxy */ = {
			isa = PBXContainerItemProxy;
			containerPortal = F1CEDD4B1AB936F200BDBE42 /* Project object */;
			proxyType = 1;
			remoteGlobalIDString = F1CEDD521AB936F300BDBE42;
			remoteInfo = PitchPerfect;
		};
/* End PBXContainerItemProxy section */

/* Begin PBXFileReference section */
		F1CEDD531AB936F300BDBE42 /* PitchPerfect.app */ = {isa = PBXFileReference; explicitFileType = wrapper.application; includeInIndex = 0; path = PitchPerfect.app; sourceTree = BUILT_PRODUCTS_DIR; };
		F1CEDD571AB936F300BDBE42 /* Info.plist */ = {isa = PBXFileReference; lastKnownFileType = text.plist.xml; path = Info.plist; sourceTree = "<group>"; };
		F1CEDD581AB936F300BDBE42 /* AppDelegate.swift */ = {isa = PBXFileReference; lastKnownFileType = sourcecode.swift; path = AppDelegate.swift; sourceTree = "<group>"; };
		F1CEDD5D1AB936F300BDBE42 /* Base */ = {isa = PBXFileReference; lastKnownFileType = file.storyboard; name = Base; path = Base.lproj/Main.storyboard; sourceTree = "<group>"; };
		F1CEDD5F1AB936F300BDBE42 /* Images.xcassets */ = {isa = PBXFileReference; lastKnownFileType = folder.assetcatalog; path = Images.xcassets; sourceTree = "<group>"; };
		F1CEDD621AB936F300BDBE42 /* Base */ = {isa = PBXFileReference; lastKnownFileType = file.xib; name = Base; path = Base.lproj/LaunchScreen.xib; sourceTree = "<group>"; };
		F1CEDD681AB936F300BDBE42 /* PitchPerfectTests.xctest */ = {isa = PBXFileReference; explicitFileType = wrapper.cfbundle; includeInIndex = 0; path = PitchPerfectTests.xctest; sourceTree = BUILT_PRODUCTS_DIR; };
		F1CEDD6D1AB936F300BDBE42 /* Info.plist */ = {isa = PBXFileReference; lastKnownFileType = text.plist.xml; path = Info.plist; sourceTree = "<group>"; };
		F1CEDD6E1AB936F300BDBE42 /* PitchPerfectTests.swift */ = {isa = PBXFileReference; lastKnownFileType = sourcecode.swift; path = PitchPerfectTests.swift; sourceTree = "<group>"; };
		F1CEDD781AB93BB200BDBE42 /* PlaySoundsViewController.swift */ = {isa = PBXFileReference; fileEncoding = 4; lastKnownFileType = sourcecode.swift; path = PlaySoundsViewController.swift; sourceTree = "<group>"; };
		F1CEDD7A1AB93BB200BDBE42 /* RecordedAudio.swift */ = {isa = PBXFileReference; fileEncoding = 4; lastKnownFileType = sourcecode.swift; path = RecordedAudio.swift; sourceTree = "<group>"; };
		F1CEDD7B1AB93BB200BDBE42 /* RecordSoundsViewController.swift */ = {isa = PBXFileReference; fileEncoding = 4; lastKnownFileType = sourcecode.swift; path = RecordSoundsViewController.swift; sourceTree = "<group>"; };
/* End PBXFileReference section */

/* Begin PBXFrameworksBuildPhase section */
		F1CEDD501AB936F300BDBE42 /* Frameworks */ = {
			isa = PBXFrameworksBuildPhase;
			buildActionMask = 2147483647;
			files = (
			);
			runOnlyForDeploymentPostprocessing = 0;
		};
		F1CEDD651AB936F300BDBE42 /* Frameworks */ = {
			isa = PBXFrameworksBuildPhase;
			buildActionMask = 2147483647;
			files = (
			);
			runOnlyForDeploymentPostprocessing = 0;
		};
/* End PBXFrameworksBuildPhase section */

/* Begin PBXGroup section */
		F1CEDD4A1AB936F200BDBE42 = {
			isa = PBXGroup;
			children = (
				F1CEDD551AB936F300BDBE42 /* PitchPerfect */,
				F1CEDD6B1AB936F300BDBE42 /* PitchPerfectTests */,
				F1CEDD541AB936F300BDBE42 /* Products */,
			);
			sourceTree = "<group>";
		};
		F1CEDD541AB936F300BDBE42 /* Products */ = {
			isa = PBXGroup;
			children = (
				F1CEDD531AB936F300BDBE42 /* PitchPerfect.app */,
				F1CEDD681AB936F300BDBE42 /* PitchPerfectTests.xctest */,
			);
			name = Products;
			sourceTree = "<group>";
		};
		F1CEDD551AB936F300BDBE42 /* PitchPerfect */ = {
			isa = PBXGroup;
			children = (
				F1CEDD781AB93BB200BDBE42 /* PlaySoundsViewController.swift */,
				F1CEDD7A1AB93BB200BDBE42 /* RecordedAudio.swift */,
				F1CEDD7B1AB93BB200BDBE42 /* RecordSoundsViewController.swift */,
				F1CEDD581AB936F300BDBE42 /* AppDelegate.swift */,
				F1CEDD5C1AB936F300BDBE42 /* Main.storyboard */,
				F1CEDD5F1AB936F300BDBE42 /* Images.xcassets */,
				F1CEDD611AB936F300BDBE42 /* LaunchScreen.xib */,
				F1CEDD561AB936F300BDBE42 /* Supporting Files */,
			);
			path = PitchPerfect;
			sourceTree = "<group>";
		};
		F1CEDD561AB936F300BDBE42 /* Supporting Files */ = {
			isa = PBXGroup;
			children = (
				F1CEDD571AB936F300BDBE42 /* Info.plist */,
			);
			name = "Supporting Files";
			sourceTree = "<group>";
		};
		F1CEDD6B1AB936F300BDBE42 /* PitchPerfectTests */ = {
			isa = PBXGroup;
			children = (
				F1CEDD6E1AB936F300BDBE42 /* PitchPerfectTests.swift */,
				F1CEDD6C1AB936F300BDBE42 /* Supporting Files */,
			);
			path = PitchPerfectTests;
			sourceTree = "<group>";
		};
		F1CEDD6C1AB936F300BDBE42 /* Supporting Files */ = {
			isa = PBXGroup;
			children = (
				F1CEDD6D1AB936F300BDBE42 /* Info.plist */,
			);
			name = "Supporting Files";
			sourceTree = "<group>";
		};
/* End PBXGroup section */

/* Begin PBXNativeTarget section */
		F1CEDD521AB936F300BDBE42 /* PitchPerfect */ = {
			isa = PBXNativeTarget;
			buildConfigurationList = F1CEDD721AB936F300BDBE42 /* Build configuration list for PBXNativeTarget "PitchPerfect" */;
			buildPhases = (
				F1CEDD4F1AB936F300BDBE42 /* Sources */,
				F1CEDD501AB936F300BDBE42 /* Frameworks */,
				F1CEDD511AB936F300BDBE42 /* Resources */,
			);
			buildRules = (
			);
			dependencies = (
			);
			name = PitchPerfect;
			productName = PitchPerfect;
			productReference = F1CEDD531AB936F300BDBE42 /* PitchPerfect.app */;
			productType = "com.apple.product-type.application";
		};
		F1CEDD671AB936F300BDBE42 /* PitchPerfectTests */ = {
			isa = PBXNativeTarget;
			buildConfigurationList = F1CEDD751AB936F300BDBE42 /* Build configuration list for PBXNativeTarget "PitchPerfectTests" */;
			buildPhases = (
				F1CEDD641AB936F300BDBE42 /* Sources */,
				F1CEDD651AB936F300BDBE42 /* Frameworks */,
				F1CEDD661AB936F300BDBE42 /* Resources */,
			);
			buildRules = (
			);
			dependencies = (
				F1CEDD6A1AB936F300BDBE42 /* PBXTargetDependency */,
			);
			name = PitchPerfectTests;
			productName = PitchPerfectTests;
			productReference = F1CEDD681AB936F300BDBE42 /* PitchPerfectTests.xctest */;
			productType = "com.apple.product-type.bundle.unit-test";
		};
/* End PBXNativeTarget section */

/* Begin PBXProject section */
		F1CEDD4B1AB936F200BDBE42 /* Project object */ = {
			isa = PBXProject;
			attributes = {
				LastUpgradeCheck = 0630;
				ORGANIZATIONNAME = KSL;
				TargetAttributes = {
					F1CEDD521AB936F300BDBE42 = {
						CreatedOnToolsVersion = 6.3;
						DevelopmentTeam = 5DU5Z3QW2F;
					};
					F1CEDD671AB936F300BDBE42 = {
						CreatedOnToolsVersion = 6.3;
						TestTargetID = F1CEDD521AB936F300BDBE42;
					};
				};
			};
			buildConfigurationList = F1CEDD4E1AB936F200BDBE42 /* Build configuration list for PBXProject "PitchPerfect" */;
			compatibilityVersion = "Xcode 3.2";
			developmentRegion = English;
			hasScannedForEncodings = 0;
			knownRegions = (
				en,
				Base,
			);
			mainGroup = F1CEDD4A1AB936F200BDBE42;
			productRefGroup = F1CEDD541AB936F300BDBE42 /* Products */;
			projectDirPath = "";
			projectRoot = "";
			targets = (
				F1CEDD521AB936F300BDBE42 /* PitchPerfect */,
				F1CEDD671AB936F300BDBE42 /* PitchPerfectTests */,
			);
		};
/* End PBXProject section */

/* Begin PBXResourcesBuildPhase section */
		F1CEDD511AB936F300BDBE42 /* Resources */ = {
			isa = PBXResourcesBuildPhase;
			buildActionMask = 2147483647;
			files = (
				F1CEDD5E1AB936F300BDBE42 /* Main.storyboard in Resources */,
				F1CEDD631AB936F300BDBE42 /* LaunchScreen.xib in Resources */,
				F1CEDD601AB936F300BDBE42 /* Images.xcassets in Resources */,
			);
			runOnlyForDeploymentPostprocessing = 0;
		};
		F1CEDD661AB936F300BDBE42 /* Resources */ = {
			isa = PBXResourcesBuildPhase;
			buildActionMask = 2147483647;
			files = (
			);
			runOnlyForDeploymentPostprocessing = 0;
		};
/* End PBXResourcesBuildPhase section */

/* Begin PBXSourcesBuildPhase section */
		F1CEDD4F1AB936F300BDBE42 /* Sources */ = {
			isa = PBXSourcesBuildPhase;
			buildActionMask = 2147483647;
			files = (
				F1CEDD7F1AB93BB200BDBE42 /* RecordSoundsViewController.swift in Sources */,
				F1CEDD7C1AB93BB200BDBE42 /* PlaySoundsViewController.swift in Sources */,
				F1CEDD591AB936F300BDBE42 /* AppDelegate.swift in Sources */,
				F1CEDD7E1AB93BB200BDBE42 /* RecordedAudio.swift in Sources */,
			);
			runOnlyForDeploymentPostprocessing = 0;
		};
		F1CEDD641AB936F300BDBE42 /* Sources */ = {
			isa = PBXSourcesBuildPhase;
			buildActionMask = 2147483647;
			files = (
				F1CEDD6F1AB936F300BDBE42 /* PitchPerfectTests.swift in Sources */,
			);
			runOnlyForDeploymentPostprocessing = 0;
		};
/* End PBXSourcesBuildPhase section */

/* Begin PBXTargetDependency section */
		F1CEDD6A1AB936F300BDBE42 /* PBXTargetDependency */ = {
			isa = PBXTargetDependency;
			target = F1CEDD521AB936F300BDBE42 /* PitchPerfect */;
			targetProxy = F1CEDD691AB936F300BDBE42 /* PBXContainerItemProxy */;
		};
/* End PBXTargetDependency section */

/* Begin PBXVariantGroup section */
		F1CEDD5C1AB936F300BDBE42 /* Main.storyboard */ = {
			isa = PBXVariantGroup;
			children = (
				F1CEDD5D1AB936F300BDBE42 /* Base */,
			);
			name = Main.storyboard;
			sourceTree = "<group>";
		};
		F1CEDD611AB936F300BDBE42 /* LaunchScreen.xib */ = {
			isa = PBXVariantGroup;
			children = (
				F1CEDD621AB936F300BDBE42 /* Base */,
			);
			name = LaunchScreen.xib;
			sourceTree = "<group>";
		};
/* End PBXVariantGroup section */

/* Begin XCBuildConfiguration section */
		F1CEDD701AB936F300BDBE42 /* Debug */ = {
			isa = XCBuildConfiguration;
			buildSettings = {
				ALWAYS_SEARCH_USER_PATHS = NO;
				CLANG_CXX_LANGUAGE_STANDARD = "gnu++0x";
				CLANG_CXX_LIBRARY = "libc++";
				CLANG_ENABLE_MODULES = YES;
				CLANG_ENABLE_OBJC_ARC = YES;
				CLANG_WARN_BOOL_CONVERSION = YES;
				CLANG_WARN_CONSTANT_CONVERSION = YES;
				CLANG_WARN_DIRECT_OBJC_ISA_USAGE = YES_ERROR;
				CLANG_WARN_EMPTY_BODY = YES;
				CLANG_WARN_ENUM_CONVERSION = YES;
				CLANG_WARN_INT_CONVERSION = YES;
				CLANG_WARN_OBJC_ROOT_CLASS = YES_ERROR;
				CLANG_WARN_UNREACHABLE_CODE = YES;
				CLANG_WARN__DUPLICATE_METHOD_MATCH = YES;
				"CODE_SIGN_IDENTITY[sdk=iphoneos*]" = "iPhone Developer";
				COPY_PHASE_STRIP = NO;
				DEBUG_INFORMATION_FORMAT = dwarf;
				ENABLE_STRICT_OBJC_MSGSEND = YES;
				GCC_C_LANGUAGE_STANDARD = gnu99;
				GCC_DYNAMIC_NO_PIC = NO;
				GCC_NO_COMMON_BLOCKS = YES;
				GCC_OPTIMIZATION_LEVEL = 0;
				GCC_PREPROCESSOR_DEFINITIONS = (
					"DEBUG=1",
					"$(inherited)",
				);
				GCC_SYMBOLS_PRIVATE_EXTERN = NO;
				GCC_WARN_64_TO_32_BIT_CONVERSION = YES;
				GCC_WARN_ABOUT_RETURN_TYPE = YES_ERROR;
				GCC_WARN_UNDECLARED_SELECTOR = YES;
				GCC_WARN_UNINITIALIZED_AUTOS = YES_AGGRESSIVE;
				GCC_WARN_UNUSED_FUNCTION = YES;
				GCC_WARN_UNUSED_VARIABLE = YES;
				IPHONEOS_DEPLOYMENT_TARGET = 8.3;
				MTL_ENABLE_DEBUG_INFO = YES;
				ONLY_ACTIVE_ARCH = YES;
				SDKROOT = iphoneos;
				SWIFT_OPTIMIZATION_LEVEL = "-Onone";
				TARGETED_DEVICE_FAMILY = "1,2";
			};
			name = Debug;
		};
		F1CEDD711AB936F300BDBE42 /* Release */ = {
			isa = XCBuildConfiguration;
			buildSettings = {
				ALWAYS_SEARCH_USER_PATHS = NO;
				CLANG_CXX_LANGUAGE_STANDARD = "gnu++0x";
				CLANG_CXX_LIBRARY = "libc++";
				CLANG_ENABLE_MODULES = YES;
				CLANG_ENABLE_OBJC_ARC = YES;
				CLANG_WARN_BOOL_CONVERSION = YES;
				CLANG_WARN_CONSTANT_CONVERSION = YES;
				CLANG_WARN_DIRECT_OBJC_ISA_USAGE = YES_ERROR;
				CLANG_WARN_EMPTY_BODY = YES;
				CLANG_WARN_ENUM_CONVERSION = YES;
				CLANG_WARN_INT_CONVERSION = YES;
				CLANG_WARN_OBJC_ROOT_CLASS = YES_ERROR;
				CLANG_WARN_UNREACHABLE_CODE = YES;
				CLANG_WARN__DUPLICATE_METHOD_MATCH = YES;
				"CODE_SIGN_IDENTITY[sdk=iphoneos*]" = "iPhone Developer";
				COPY_PHASE_STRIP = NO;
				DEBUG_INFORMATION_FORMAT = "dwarf-with-dsym";
				ENABLE_NS_ASSERTIONS = NO;
				ENABLE_STRICT_OBJC_MSGSEND = YES;
				GCC_C_LANGUAGE_STANDARD = gnu99;
				GCC_NO_COMMON_BLOCKS = YES;
				GCC_WARN_64_TO_32_BIT_CONVERSION = YES;
				GCC_WARN_ABOUT_RETURN_TYPE = YES_ERROR;
				GCC_WARN_UNDECLARED_SELECTOR = YES;
				GCC_WARN_UNINITIALIZED_AUTOS = YES_AGGRESSIVE;
				GCC_WARN_UNUSED_FUNCTION = YES;
				GCC_WARN_UNUSED_VARIABLE = YES;
				IPHONEOS_DEPLOYMENT_TARGET = 8.3;
				MTL_ENABLE_DEBUG_INFO = NO;
				SDKROOT = iphoneos;
				TARGETED_DEVICE_FAMILY = "1,2";
				VALIDATE_PRODUCT = YES;
			};
			name = Release;
		};
		F1CEDD731AB936F300BDBE42 /* Debug */ = {
			isa = XCBuildConfiguration;
			buildSettings = {
				ASSETCATALOG_COMPILER_APPICON_NAME = AppIcon;
				CODE_SIGN_IDENTITY = "iPhone Developer";
				INFOPLIST_FILE = PitchPerfect/Info.plist;
				IPHONEOS_DEPLOYMENT_TARGET = 8.0;
				LD_RUNPATH_SEARCH_PATHS = "$(inherited) @executable_path/Frameworks";
				PRODUCT_NAME = "$(TARGET_NAME)";
			};
			name = Debug;
		};
		F1CEDD741AB936F300BDBE42 /* Release */ = {
			isa = XCBuildConfiguration;
			buildSettings = {
				ASSETCATALOG_COMPILER_APPICON_NAME = AppIcon;
				CODE_SIGN_IDENTITY = "iPhone Developer";
				INFOPLIST_FILE = PitchPerfect/Info.plist;
				IPHONEOS_DEPLOYMENT_TARGET = 8.0;
				LD_RUNPATH_SEARCH_PATHS = "$(inherited) @executable_path/Frameworks";
				PRODUCT_NAME = "$(TARGET_NAME)";
			};
			name = Release;
		};
		F1CEDD761AB936F300BDBE42 /* Debug */ = {
			isa = XCBuildConfiguration;
			buildSettings = {
				BUNDLE_LOADER = "$(TEST_HOST)";
				FRAMEWORK_SEARCH_PATHS = (
					"$(SDKROOT)/Developer/Library/Frameworks",
					"$(inherited)",
				);
				GCC_PREPROCESSOR_DEFINITIONS = (
					"DEBUG=1",
					"$(inherited)",
				);
				INFOPLIST_FILE = PitchPerfectTests/Info.plist;
				LD_RUNPATH_SEARCH_PATHS = "$(inherited) @executable_path/Frameworks @loader_path/Frameworks";
				PRODUCT_NAME = "$(TARGET_NAME)";
				TEST_HOST = "$(BUILT_PRODUCTS_DIR)/PitchPerfect.app/PitchPerfect";
			};
			name = Debug;
		};
		F1CEDD771AB936F300BDBE42 /* Release */ = {
			isa = XCBuildConfiguration;
			buildSettings = {
				BUNDLE_LOADER = "$(TEST_HOST)";
				FRAMEWORK_SEARCH_PATHS = (
					"$(SDKROOT)/Developer/Library/Frameworks",
					"$(inherited)",
				);
				INFOPLIST_FILE = PitchPerfectTests/Info.plist;
				LD_RUNPATH_SEARCH_PATHS = "$(inherited) @executable_path/Frameworks @loader_path/Frameworks";
				PRODUCT_NAME = "$(TARGET_NAME)";
				TEST_HOST = "$(BUILT_PRODUCTS_DIR)/PitchPerfect.app/PitchPerfect";
			};
			name = Release;
		};
/* End XCBuildConfiguration section */

/* Begin XCConfigurationList section */
		F1CEDD4E1AB936F200BDBE42 /* Build configuration list for PBXProject "PitchPerfect" */ = {
			isa = XCConfigurationList;
			buildConfigurations = (
				F1CEDD701AB936F300BDBE42 /* Debug */,
				F1CEDD711AB936F300BDBE42 /* Release */,
			);
			defaultConfigurationIsVisible = 0;
			defaultConfigurationName = Release;
		};
		F1CEDD721AB936F300BDBE42 /* Build configuration list for PBXNativeTarget "PitchPerfect" */ = {
			isa = XCConfigurationList;
			buildConfigurations = (
				F1CEDD731AB936F300BDBE42 /* Debug */,
				F1CEDD741AB936F300BDBE42 /* Release */,
			);
			defaultConfigurationIsVisible = 0;
			defaultConfigurationName = Release;
		};
		F1CEDD751AB936F300BDBE42 /* Build configuration list for PBXNativeTarget "PitchPerfectTests" */ = {
			isa = XCConfigurationList;
			buildConfigurations = (
				F1CEDD761AB936F300BDBE42 /* Debug */,
				F1CEDD771AB936F300BDBE42 /* Release */,
			);
			defaultConfigurationIsVisible = 0;
			defaultConfigurationName = Release;
		};
/* End XCConfigurationList section */
	};
	rootObject = F1CEDD4B1AB936F200BDBE42 /* Project object */;
}
